
Microsoft Visual Studio Solution File, Format Version 12.00
# Visual Studio Version 16
VisualStudioVersion = 16.0.34114.132
MinimumVisualStudioVersion = 10.0.40219.1
Project("{8BC9CEB8-8B4A-11D0-8D11-00A0C91BC942}") = "Dz igra", "Dz igra\Dz igra.vcxproj", "{C80A6478-909A-421E-80E9-E8CBEBCE4080}"
EndProject
Global
	GlobalSection(SolutionConfigurationPlatforms) = preSolution
		Debug|x64 = Debug|x64
		Debug|x86 = Debug|x86
		Release|x64 = Release|x64
		Release|x86 = Release|x86
	EndGlobalSection
	GlobalSection(ProjectConfigurationPlatforms) = postSolution
		{C80A6478-909A-421E-80E9-E8CBEBCE4080}.Debug|x64.ActiveCfg = Debug|x64
		{C80A6478-909A-421E-80E9-E8CBEBCE4080}.Debug|x64.Build.0 = Debug|x64
		{C80A6478-909A-421E-80E9-E8CBEBCE4080}.Debug|x86.ActiveCfg = Debug|Win32
		{C80A6478-909A-421E-80E9-E8CBEBCE4080}.Debug|x86.Build.0 = Debug|Win32
		{C80A6478-909A-421E-80E9-E8CBEBCE4080}.Release|x64.ActiveCfg = Release|x64
		{C80A6478-909A-421E-80E9-E8CBEBCE4080}.Release|x64.Build.0 = Release|x64
		{C80A6478-909A-421E-80E9-E8CBEBCE4080}.Release|x86.ActiveCfg = Release|Win32
		{C80A6478-909A-421E-80E9-E8CBEBCE4080}.Release|x86.Build.0 = Release|Win32
	EndGlobalSection
	GlobalSection(SolutionProperties) = preSolution
		HideSolutionNode = FALSE
	EndGlobalSection
	GlobalSection(ExtensibilityGlobals) = postSolution
		SolutionGuid = {C91762AA-8886-4590-A177-F3414F379088}
	EndGlobalSection
EndGlobal
